{
  "nodes": {
    "brew-api": {
      "flake": false,
      "locked": {
        "lastModified": 1785053787,
        "narHash": "sha256-FPmWI64+x0Zht8llbgh+zw7Vfw4rYwWPMyVKtbElHew=",
        "owner": "BatteredBunny",
        "repo": "brew-api",
        "rev": "8ec57eabfd8e424abc558e6d16ca7633b888c2d8",
        "type": "github"
      },
      "original": {
        "owner": "BatteredBunny",
        "repo": "brew-api",
        "type": "github"
      }
    },
    "brew-nix": {
      "inputs": {
        "brew-api": [
          "brew-api"
        ],
        "nix-darwin": "nix-darwin",
        "nixpkgs": [
          "nixpkgs"
        ]
      },
      "locked": {
        "lastModified": 1784490391,
        "narHash": "sha256-/qnykj46xlcFPaoiksoGCk4g2g4EtF72ZNzYJtHTmh4=",
        "owner": "BatteredBunny",
        "repo": "brew-nix",
        "rev": "05377d6a5e6707a1914263ff02df0a5c597374d8",
        "type": "github"
      },
      "original": {
        "owner": "BatteredBunny",
        "repo": "brew-nix",
        "type": "github"
      }
    },
    "bun2nix": {
      "inputs": {
        "flake-parts": [
          "llm-agents",
          "flake-parts"
        ],
        "nixpkgs": [
          "llm-agents",
          "nixpkgs"
        ],
        "systems": [
          "llm-agents",
          "systems"
        ],
        "treefmt-nix": [
          "llm-agents",
          "treefmt-nix"
        ]
      },
      "locked": {
        "lastModified": 1784665499,
        "narHash": "sha256-9BMxlTxCCDAeoNLtb1a/st7udtTIJep+wpUzquA29VU=",
        "owner": "nix-community",
        "repo": "bun2nix",
        "rev": "0f2a1f0b6f42cebe3b149bf62d38754c5e0e9729",
        "type": "github"
      },
      "original": {
        "owner": "nix-community",
        "repo": "bun2nix",
        "type": "github"
      }
    },
    "crit": {
      "inputs": {
        "nixpkgs": [
          "nixpkgs"
        ]
      },
      "locked": {
        "lastModified": 1784802366,
        "narHash": "sha256-PQ86AlCnILX/dni6V3svqRvUaoR4sMUK9D94miMsLDA=",
        "owner": "tomasz-tomczyk",
        "repo": "crit",
        "rev": "818f561e3317ae441d492cb1cb655dcf7fc70244",
        "type": "github"
      },
      "original": {
        "owner": "tomasz-tomczyk",
        "repo": "crit",
        "type": "github"
      }
    },
    "flake-parts": {
      "inputs": {
        "nixpkgs-lib": [
          "llm-agents",
          "nixpkgs"
        ]
      },
      "locked": {
        "lastModified": 1782949081,
        "narHash": "sha256-vp6Y/Grm98ESt6ceOkWiHWyZRDV3J1RID4w+6NWK9yA=",
        "owner": "hercules-ci",
        "repo": "flake-parts",
        "rev": "17c9d6cdfc60c64f4ee8d306f9bc0b4ccb51481e",
        "type": "github"
      },
      "original": {
        "owner": "hercules-ci",
        "repo": "flake-parts",
        "type": "github"
      }
    },
    "home-manager": {
      "inputs": {
        "nixpkgs": [
          "nixpkgs"
        ]
      },
      "locked": {
        "lastModified": 1784913159,
        "narHash": "sha256-JWq0BfjO4ktpH5USfQNQzdvHpIDT8fSKD5K7LvdMRFs=",
        "owner": "nix-community",
        "repo": "home-manager",
        "rev": "079a3b5d1aa6a719920a51316253b7d6dd22738d",
        "type": "github"
      },
      "original": {
        "owner": "nix-community",
        "repo": "home-manager",
        "type": "github"
      }
    },
    "llm-agents": {
      "inputs": {
        "bun2nix": "bun2nix",
        "flake-parts": "flake-parts",
        "nixpkgs": "nixpkgs",
        "systems": "systems",
        "treefmt-nix": "treefmt-nix"
      },
      "locked": {
        "lastModified": 1785052062,
        "narHash": "sha256-rrSIoNE0sqiFYbnhcf7duJPK3qyKoi09bXAO3aVdFm4=",
        "owner": "numtide",
        "repo": "llm-agents.nix",
        "rev": "dbf8bc592feb8a87bd8e4e70334448e808a8a8d0",
        "type": "github"
      },
      "original": {
        "owner": "numtide",
        "repo": "llm-agents.nix",
        "type": "github"
      }
    },
    "nix-claude-code": {
      "inputs": {
        "nixpkgs": "nixpkgs_2"
      },
      "locked": {
        "lastModified": 1785013936,
        "narHash": "sha256-YaOA+gfLQRTxSrKzani2xz5TYSG9T82yEUPTOWBP95U=",
        "owner": "ryoppippi",
        "repo": "nix-claude-code",
        "rev": "fcc7811a78f40da2f520866dc23d7b65cffa6c7c",
        "type": "github"
      },
      "original": {
        "owner": "ryoppippi",
        "repo": "nix-claude-code",
        "type": "github"
      }
    },
    "nix-darwin": {
      "inputs": {
        "nixpkgs": [
          "brew-nix",
          "nixpkgs"
        ]
      },
      "locked": {
        "lastModified": 1781761792,
        "narHash": "sha256-rCPytmKNjctLloB6UgK5CRrHSwV4b0ygxtJLPPp8R14=",
        "owner": "nix-darwin",
        "repo": "nix-darwin",
        "rev": "a1fa429e945becaf60468600daf649be4ba0350c",
        "type": "github"
      },
      "original": {
        "owner": "nix-darwin",
        "repo": "nix-darwin",
        "type": "github"
      }
    },
    "nix-index-database": {
      "inputs": {
        "nixpkgs": [
          "nixpkgs"
        ]
      },
      "locked": {
        "lastModified": 1785046085,
        "narHash": "sha256-UiK+mmZJuLWQVhJ5b2wDzogIYWAesyRm6LA3h3Ulh3Y=",
        "owner": "nix-community",
        "repo": "nix-index-database",
        "rev": "11665045df8b9938ef811a3bfdc65cffb02b4b70",
        "type": "github"
      },
      "original": {
        "owner": "nix-community",
        "repo": "nix-index-database",
        "type": "github"
      }
    },
    "nixpkgs": {
      "locked": {
        "lastModified": 1784872115,
        "narHash": "sha256-THPEF2po0fsoH8gNtp+Ae0XFDJH3N/ol7xO3v6VMTJU=",
        "owner": "NixOS",
        "repo": "nixpkgs",
        "rev": "335f0738cb2fa9708f3f428e39d2eae975d1338d",
        "type": "github"
      },
      "original": {
        "owner": "NixOS",
        "ref": "nixpkgs-unstable",
        "repo": "nixpkgs",
        "type": "github"
      }
    },
    "nixpkgs_2": {
      "locked": {
        "lastModified": 1783776592,
        "narHash": "sha256-UgCQzxeWI75XM8G+hPrPh+MKzEPjG3SpAj7dtqSbksA=",
        "owner": "NixOS",
        "repo": "nixpkgs",
        "rev": "e7a3ca8092b61ff85b6a45bf863ea2b2d6a661b3",
        "type": "github"
      },
      "original": {
        "owner": "NixOS",
        "ref": "nixos-unstable",
        "repo": "nixpkgs",
        "type": "github"
      }
    },
    "nixpkgs_3": {
      "locked": {
        "lastModified": 1784796856,
        "narHash": "sha256-wWFrV5/Qbm+lyt5x20E/bSbfJiGKMo4RCxZV8cl/WZI=",
        "owner": "nixos",
        "repo": "nixpkgs",
        "rev": "e2587caef70cea85dd97d7daab492899902dbf5d",
        "type": "github"
      },
      "original": {
        "owner": "nixos",
        "ref": "nixos-unstable",
        "repo": "nixpkgs",
        "type": "github"
      }
    },
    "nixpkgs_4": {
      "locked": {
        "lastModified": 1781577229,
        "narHash": "sha256-lrp67w8AulE9Ks53n27I45ADSzbOCn4H+CNW1Ck8B+8=",
        "rev": "567a49d1913ce81ac6e9582e3553dd90a955875f",
        "revCount": 1017464,
        "type": "tarball",
        "url": "https://api.flakehub.com/f/pinned/NixOS/nixpkgs/0.1.1017464%2Brev-567a49d1913ce81ac6e9582e3553dd90a955875f/019ed27e-44b2-7462-b1ef-3564aa6c28ee/source.tar.gz"
      },
      "original": {
        "type": "tarball",
        "url": "https://flakehub.com/f/NixOS/nixpkgs/0.1"
      }
    },
    "prv": {
      "inputs": {
        "nixpkgs": "nixpkgs_4"
      },
      "locked": {
        "lastModified": 1784444802,
        "narHash": "sha256-F60/Vy/PP57eXppKFk6YpohCjTttQA3VBfZUJBWrtgo=",
        "ref": "refs/heads/main",
        "rev": "53cf31b257bc6c375e95dd68dd471e48c575c997",
        "revCount": 19,
        "type": "git",
        "url": "ssh://git@github.com/snrsw/prv"
      },
      "original": {
        "type": "git",
        "url": "ssh://git@github.com/snrsw/prv"
      }
    },
    "root": {
      "inputs": {
        "brew-api": "brew-api",
        "brew-nix": "brew-nix",
        "crit": "crit",
        "home-manager": "home-manager",
        "llm-agents": "llm-agents",
        "nix-claude-code": "nix-claude-code",
        "nix-index-database": "nix-index-database",
        "nixpkgs": "nixpkgs_3",
        "prv": "prv"
      }
    },
    "systems": {
      "locked": {
        "lastModified": 1681028828,
        "narHash": "sha256-Vy1rq5AaRuLzOxct8nz4T6wlgyUR7zLU309k9mBC768=",
        "owner": "nix-systems",
        "repo": "default",
        "rev": "da67096a3b9bf56a91d16901293e51ba5b49a27e",
        "type": "github"
      },
      "original": {
        "owner": "nix-systems",
        "repo": "default",
        "type": "github"
      }
    },
    "treefmt-nix": {
      "inputs": {
        "nixpkgs": [
          "llm-agents",
          "nixpkgs"
        ]
      },
      "locked": {
        "lastModified": 1784369104,
        "narHash": "sha256-47cxbcZODibHv3rELFQ9vZly0vUNkND/atn/U7HLeb0=",
        "owner": "numtide",
        "repo": "treefmt-nix",
        "rev": "df3c0640565d04a0261253cdd89fce78ec50168a",
        "type": "github"
      },
      "original": {
        "owner": "numtide",
        "repo": "treefmt-nix",
        "type": "github"
      }
    }
  },
  "root": "root",
  "version": 7
}
