name: Update flake.lock

on:
  schedule:
    - cron: '0 0 * * *'
  workflow_dispatch:

jobs:
  update:
    runs-on: ubuntu-latest
    permissions:
      contents: write
      pull-requests: write
    steps:
      - uses: actions/checkout@v6

      - uses: DeterminateSystems/nix-installer-action@main

      - name: Update flake.lock
        working-directory: .config/nix/modules/home
        run: nix flake update

      - name: Create Pull Request
        uses: peter-evans/create-pull-request@v7
        with:
          token: ${{ secrets.GITHUB_TOKEN }}
          commit-message: "chore(nix): update flake.lock"
          branch: automation/update-flake-lock
          delete-branch: true
          title: "chore(nix): update flake.lock"
          body: |
            Automated update of `flake.lock` via the `nix flake update` command.

            This PR was created automatically by the [Update flake.lock](${{ github.server_url }}/${{ github.repository }}/actions/runs/${{ github.run_id }}) workflow.
          add-paths: .config/nix/modules/home/flake.lock
